
Microsoft Visual Studio Solution File, Format Version 12.00
# Visual Studio Version 17
VisualStudioVersion = 17.5.002.0
MinimumVisualStudioVersion = 10.0.40219.1
Project("{9A19103F-16F7-4668-BE54-9A1E7A4F7556}") = "ETLApp", "ETLApp.csproj", "{BD714AE0-88FB-434C-AEC0-0B83636A02C1}"
EndProject
Global
	GlobalSection(SolutionConfigurationPlatforms) = preSolution
		Debug|Any CPU = Debug|Any CPU
		Release|Any CPU = Release|Any CPU
	EndGlobalSection
	GlobalSection(ProjectConfigurationPlatforms) = postSolution
		{BD714AE0-88FB-434C-AEC0-0B83636A02C1}.Debug|Any CPU.ActiveCfg = Debug|Any CPU
		{BD714AE0-88FB-434C-AEC0-0B83636A02C1}.Debug|Any CPU.Build.0 = Debug|Any CPU
		{BD714AE0-88FB-434C-AEC0-0B83636A02C1}.Release|Any CPU.ActiveCfg = Release|Any CPU
		{BD714AE0-88FB-434C-AEC0-0B83636A02C1}.Release|Any CPU.Build.0 = Release|Any CPU
	EndGlobalSection
	GlobalSection(SolutionProperties) = preSolution
		HideSolutionNode = FALSE
	EndGlobalSection
	GlobalSection(ExtensibilityGlobals) = postSolution
		SolutionGuid = {B6963BC4-2B2D-4969-923C-16C5DD492180}
	EndGlobalSection
EndGlobal
